<?xml version="1.0" encoding="utf-8"?>
<Project ToolsVersion="4.0" xmlns="http://schemas.microsoft.com/developer/msbuild/2003">
  <ItemGroup>
    <Filter Include="ソース ファイル">
      <UniqueIdentifier>{4FC737F1-C7A5-4376-A066-2A32D752A2FF}</UniqueIdentifier>
      <Extensions>cpp;c;cc;cxx;def;odl;idl;hpj;bat;asm;asmx</Extensions>
    </Filter>
    <Filter Include="ヘッダー ファイル">
      <UniqueIdentifier>{93995380-89BD-4b04-88EB-625FBE52EBFB}</UniqueIdentifier>
      <Extensions>h;hh;hpp;hxx;hm;inl;inc;xsd</Extensions>
    </Filter>
    <Filter Include="リソース ファイル">
      <UniqueIdentifier>{67DA6AB6-F800-4c08-8B7A-83BB121AAD01}</UniqueIdentifier>
      <Extensions>rc;ico;cur;bmp;dlg;rc2;rct;bin;rgs;gif;jpg;jpeg;jpe;resx;tiff;tif;png;wav;mfcribbon-ms</Extensions>
    </Filter>
  </ItemGroup>
  <ItemGroup>
    <ClCompile Include="Root\Actor\Player.cpp">
      <Filter>ソース ファイル</Filter>
    </ClCompile>
    <ClCompile Include="Root\Manager\EndManager.cpp">
      <Filter>ソース ファイル</Filter>
    </ClCompile>
    <ClCompile Include="Root\Actor\BaseActor.cpp">
      <Filter>ソース ファイル</Filter>
    </ClCompile>
    <ClCompile Include="Root\Actor\Player.cpp">
      <Filter>ソース ファイル</Filter>
    </ClCompile>
    <ClCompile Include="Root\Actor\PlayerSpawner.cpp">
      <Filter>ソース ファイル</Filter>
    </ClCompile>
    <ClCompile Include="Root\Actor\SkinObject.cpp">
      <Filter>ソース ファイル</Filter>
    </ClCompile>
    <ClCompile Include="Root\Actor\StaticObject.cpp">
      <Filter>ソース ファイル</Filter>
    </ClCompile>
    <ClCompile Include="Root\Actor\Goal\Goal.cpp">
      <Filter>ソース ファイル</Filter>
    </ClCompile>
    <ClCompile Include="Root\Actor\Field\Field.cpp">
      <Filter>ソース ファイル</Filter>
    </ClCompile>
    <ClCompile Include="Root\Actor\ActorManager\ActorManager.cpp">
      <Filter>ソース ファイル</Filter>
    </ClCompile>
    <ClCompile Include="Root\Actor\Camera\Camera.cpp">
      <Filter>ソース ファイル</Filter>
    </ClCompile>
    <ClCompile Include="Root\Actor\Camera\Ray.cpp">
      <Filter>ソース ファイル</Filter>
    </ClCompile>
    <ClCompile Include="Root\Frame\BaseScene.cpp">
      <Filter>ソース ファイル</Filter>
    </ClCompile>
    <ClCompile Include="Root\Frame\MyGame.cpp">
      <Filter>ソース ファイル</Filter>
    </ClCompile>
    <ClCompile Include="Root\Frame\WinMain.cpp">
      <Filter>ソース ファイル</Filter>
    </ClCompile>
    <ClCompile Include="Root\Manager\EndManager.cpp">
      <Filter>ソース ファイル</Filter>
    </ClCompile>
    <ClCompile Include="Root\Scene\End.cpp">
      <Filter>ソース ファイル</Filter>
    </ClCompile>
    <ClCompile Include="Root\Scene\GameMain.cpp">
      <Filter>ソース ファイル</Filter>
    </ClCompile>
    <ClCompile Include="Root\Scene\StaffRoll.cpp">
      <Filter>ソース ファイル</Filter>
    </ClCompile>
    <ClCompile Include="Root\Stage\Stage.cpp">
      <Filter>ソース ファイル</Filter>
    </ClCompile>
    <ClCompile Include="Root\Stage\StageData.cpp">
      <Filter>ソース ファイル</Filter>
    </ClCompile>
    <ClCompile Include="Root\Stage\StageFactory.cpp">
      <Filter>ソース ファイル</Filter>
    </ClCompile>
    <ClCompile Include="Root\Stage\StageManager.cpp">
      <Filter>ソース ファイル</Filter>
    </ClCompile>
    <ClCompile Include="Root\Utility\StoryManager\StoryManager.cpp">
      <Filter>ソース ファイル</Filter>
    </ClCompile>
    <ClCompile Include="Root\Utility\Debug.cpp">
      <Filter>ソース ファイル</Filter>
    </ClCompile>
    <ClCompile Include="Root\Utility\FreeCamera.cpp">
      <Filter>ソース ファイル</Filter>
    </ClCompile>
    <ClCompile Include="Root\Utility\HandleList.cpp">
      <Filter>ソース ファイル</Filter>
    </ClCompile>
    <ClCompile Include="Root\Utility\Input.cpp">
      <Filter>ソース ファイル</Filter>
    </ClCompile>
    <ClCompile Include="Root\Utility\Loader.cpp">
      <Filter>ソース ファイル</Filter>
    </ClCompile>
    <ClCompile Include="Root\Utility\Math.cpp">
      <Filter>ソース ファイル</Filter>
    </ClCompile>
    <ClCompile Include="Root\Utility\Matrix.cpp">
      <Filter>ソース ファイル</Filter>
    </ClCompile>
    <ClCompile Include="Root\Utility\Mouse.cpp">
      <Filter>ソース ファイル</Filter>
    </ClCompile>
    <ClCompile Include="Root\Utility\NowLoading.cpp">
      <Filter>ソース ファイル</Filter>
    </ClCompile>
    <ClCompile Include="Root\Utility\Point2.cpp">
      <Filter>ソース ファイル</Filter>
    </ClCompile>
    <ClCompile Include="Root\Utility\Point3.cpp">
      <Filter>ソース ファイル</Filter>
    </ClCompile>
    <ClCompile Include="Root\Utility\Point4.cpp">
      <Filter>ソース ファイル</Filter>
    </ClCompile>
    <ClCompile Include="Root\Utility\Pose.cpp">
      <Filter>ソース ファイル</Filter>
    </ClCompile>
    <ClCompile Include="Root\Utility\Renderer.cpp">
      <Filter>ソース ファイル</Filter>
    </ClCompile>
    <ClCompile Include="Root\Utility\SE.cpp">
      <Filter>ソース ファイル</Filter>
    </ClCompile>
    <ClCompile Include="Root\Utility\SingletonFinalizer.cpp">
      <Filter>ソース ファイル</Filter>
    </ClCompile>
    <ClCompile Include="Root\Utility\String.cpp">
      <Filter>ソース ファイル</Filter>
    </ClCompile>
    <ClCompile Include="Root\Utility\Vector3.cpp">
      <Filter>ソース ファイル</Filter>
    </ClCompile>
    <ClCompile Include="Root\Utility\Vector4.cpp">
      <Filter>ソース ファイル</Filter>
    </ClCompile>
    <ClCompile Include="Root\Utility\Vector2.cpp">
      <Filter>ソース ファイル</Filter>
    </ClCompile>
    <ClCompile Include="Root\World.cpp">
      <Filter>ソース ファイル</Filter>
    </ClCompile>
    <ClCompile Include="Root\Manager\MessageManager.cpp">
      <Filter>ソース ファイル</Filter>
    </ClCompile>
    <ClCompile Include="Root\Scene\Message.cpp">
      <Filter>ソース ファイル</Filter>
    </ClCompile>
    <ClCompile Include="Root\Scene\SceneManager.cpp">
      <Filter>ソース ファイル</Filter>
    </ClCompile>
    <ClCompile Include="Root\Message\MessageData.cpp">
      <Filter>ソース ファイル</Filter>
    </ClCompile>
    <ClCompile Include="Root\Message\MessageOperation.cpp">
      <Filter>ソース ファイル</Filter>
    </ClCompile>
    <ClCompile Include="Root\Utility\BGM.cpp">
      <Filter>ソース ファイル</Filter>
    </ClCompile>
    <ClCompile Include="Root\Experimental\ObjectViewer.cpp">
      <Filter>ソース ファイル</Filter>
    </ClCompile>
    <ClCompile Include="Root\Scene\Opening.cpp">
      <Filter>ソース ファイル</Filter>
    </ClCompile>
    <ClCompile Include="Root\Scene\Title.cpp">
      <Filter>ソース ファイル</Filter>
    </ClCompile>
    <ClCompile Include="Root\Actor\AnimateActor.cpp">
      <Filter>ソース ファイル</Filter>
    </ClCompile>
    <ClCompile Include="Root\Actor\Gimmick\GimmickManager.cpp">
      <Filter>ソース ファイル</Filter>
    </ClCompile>
    <ClCompile Include="Root\Actor\Gimmick\TouchGimmick.cpp">
      <Filter>ソース ファイル</Filter>
    </ClCompile>
    <ClCompile Include="Root\Actor\Gimmick\Gimmick.cpp">
      <Filter>ソース ファイル</Filter>
    </ClCompile>
    <ClCompile Include="Root\Actor\Gimmick\CommandGimmick.cpp">
      <Filter>ソース ファイル</Filter>
    </ClCompile>
    <ClCompile Include="Root\Experimental\AnimationTransitionMachine.cpp">
      <Filter>ソース ファイル</Filter>
    </ClCompile>
    <ClCompile Include="Root\Experimental\AnimateState.cpp">
      <Filter>ソース ファイル</Filter>
    </ClCompile>
    <ClCompile Include="Root\Experimental\Bookmark.cpp">
      <Filter>ソース ファイル</Filter>
    </ClCompile>
    <ClCompile Include="Root\Actor\Instant.cpp">
      <Filter>ソース ファイル</Filter>
    </ClCompile>
    <ClCompile Include="Root\Collision\Capsule.cpp">
      <Filter>ソース ファイル</Filter>
    </ClCompile>
    <ClCompile Include="Root\Collision\Collision.cpp">
      <Filter>ソース ファイル</Filter>
    </ClCompile>
    <ClCompile Include="Root\Collision\IShape.cpp">
      <Filter>ソース ファイル</Filter>
    </ClCompile>
    <ClCompile Include="Root\Collision\Line.cpp">
      <Filter>ソース ファイル</Filter>
    </ClCompile>
    <ClCompile Include="Root\Collision\ModelCollider.cpp">
      <Filter>ソース ファイル</Filter>
    </ClCompile>
    <ClCompile Include="Root\Collision\Sphere.cpp">
      <Filter>ソース ファイル</Filter>
    </ClCompile>
    <ClCompile Include="Root\Collision\Triangle.cpp">
      <Filter>ソース ファイル</Filter>
    </ClCompile>
    <ClCompile Include="Root\Experimental\AllResourceLoad.cpp">
      <Filter>ソース ファイル</Filter>
    </ClCompile>
    <ClCompile Include="Root\Actor\Boat.cpp">
      <Filter>ソース ファイル</Filter>
    </ClCompile>
    <ClCompile Include="Root\Experimental\ActionBookmark.cpp">
      <Filter>ソース ファイル</Filter>
    </ClCompile>
    <ClCompile Include="Root\Collision\Empty.cpp">
      <Filter>ソース ファイル</Filter>
    </ClCompile>
    <ClCompile Include="Root\Manager\BackLogManager.cpp">
      <Filter>ソース ファイル</Filter>
    </ClCompile>
    <ClCompile Include="Root\Scene\BackLog.cpp">
      <Filter>ソース ファイル</Filter>
    </ClCompile>
    <ClCompile Include="Root\Scene\BlackOut.cpp">
      <Filter>ソース ファイル</Filter>
    </ClCompile>
    <ClCompile Include="Root\Actor\Adele.cpp">
      <Filter>ソース ファイル</Filter>
    </ClCompile>
    <ClCompile Include="Root\Utility\Def.cpp">
      <Filter>ソース ファイル</Filter>
    </ClCompile>
    <ClCompile Include="Root\Actor\Particle\LightParticle.cpp">
      <Filter>ソース ファイル</Filter>
    </ClCompile>
    <ClCompile Include="Root\Actor\Particle\LightParticleGenerator.cpp">
      <Filter>ソース ファイル</Filter>
    </ClCompile>
    <ClCompile Include="Root\Utility\RandomDevice.cpp">
      <Filter>ソース ファイル</Filter>
    </ClCompile>
    <ClCompile Include="Root\Actor\Accessory.cpp">
      <Filter>ソース ファイル</Filter>
    </ClCompile>
    <ClCompile Include="Root\Scene\TitleChoose.cpp">
      <Filter>ソース ファイル</Filter>
    </ClCompile>
    <ClCompile Include="Root\Utility\Easing.cpp">
      <Filter>ソース ファイル</Filter>
    </ClCompile>
    <ClCompile Include="Root\Utility\Quaternion.cpp">
      <Filter>ソース ファイル</Filter>
    </ClCompile>
    <ClCompile Include="Root\Actor\ToNight.cpp">
      <Filter>ソース ファイル</Filter>
    </ClCompile>
    <ClCompile Include="Root\Scene\Message.cpp">
      <Filter>ソース ファイル</Filter>
    </ClCompile>
  </ItemGroup>
  <ItemGroup>
    <ClInclude Include="Root\Actor\Enemy.h">
      <Filter>ヘッダー ファイル</Filter>
    </ClInclude>
    <ClInclude Include="Root\Actor\Stand.h">
      <Filter>ヘッダー ファイル</Filter>
    </ClInclude>
    <ClInclude Include="Root\Actor\Player.h">
      <Filter>ヘッダー ファイル</Filter>
    </ClInclude>
    <ClInclude Include="Root\Manager\EndManager.h">
      <Filter>ヘッダー ファイル</Filter>
    </ClInclude>
    <ClInclude Include="Root\Actor\Actor.h">
      <Filter>ヘッダー ファイル</Filter>
    </ClInclude>
    <ClInclude Include="Root\Actor\BaseActor.h">
      <Filter>ヘッダー ファイル</Filter>
    </ClInclude>
    <ClInclude Include="Root\Actor\Book.h">
      <Filter>ヘッダー ファイル</Filter>
    </ClInclude>
    <ClInclude Include="Root\Actor\Player.h">
      <Filter>ヘッダー ファイル</Filter>
    </ClInclude>
    <ClInclude Include="Root\Actor\PlayerSpawner.h">
      <Filter>ヘッダー ファイル</Filter>
    </ClInclude>
    <ClInclude Include="Root\Actor\SkinObject.h">
      <Filter>ヘッダー ファイル</Filter>
    </ClInclude>
    <ClInclude Include="Root\Actor\StaticObject.h">
      <Filter>ヘッダー ファイル</Filter>
    </ClInclude>
    <ClInclude Include="Root\Actor\Goal\Goal.h">
      <Filter>ヘッダー ファイル</Filter>
    </ClInclude>
    <ClInclude Include="Root\Actor\Field\Field.h">
      <Filter>ヘッダー ファイル</Filter>
    </ClInclude>
    <ClInclude Include="Root\Actor\ActorManager\ActorManager.h">
      <Filter>ヘッダー ファイル</Filter>
    </ClInclude>
    <ClInclude Include="Root\Actor\ActorManager\ActorTag.h">
      <Filter>ヘッダー ファイル</Filter>
    </ClInclude>
    <ClInclude Include="Root\Actor\Camera\Camera.h">
      <Filter>ヘッダー ファイル</Filter>
    </ClInclude>
    <ClInclude Include="Root\Actor\Camera\CameraMode.h">
      <Filter>ヘッダー ファイル</Filter>
    </ClInclude>
    <ClInclude Include="Root\Actor\Camera\CameraState.h">
      <Filter>ヘッダー ファイル</Filter>
    </ClInclude>
    <ClInclude Include="Root\Actor\Camera\ChaseFlag.h">
      <Filter>ヘッダー ファイル</Filter>
    </ClInclude>
    <ClInclude Include="Root\Actor\Camera\Ray.h">
      <Filter>ヘッダー ファイル</Filter>
    </ClInclude>
    <ClInclude Include="Root\Frame\BaseScene.h">
      <Filter>ヘッダー ファイル</Filter>
    </ClInclude>
    <ClInclude Include="Root\Frame\MyGame.h">
      <Filter>ヘッダー ファイル</Filter>
    </ClInclude>
    <ClInclude Include="Root\Manager\EndManager.h">
      <Filter>ヘッダー ファイル</Filter>
    </ClInclude>
    <ClInclude Include="Root\Scene\End.h">
      <Filter>ヘッダー ファイル</Filter>
    </ClInclude>
    <ClInclude Include="Root\Scene\StaffRoll.h">
      <Filter>ヘッダー ファイル</Filter>
    </ClInclude>
    <ClInclude Include="Root\Stage\IStageDataBuilder.h">
      <Filter>ヘッダー ファイル</Filter>
    </ClInclude>
    <ClInclude Include="Root\Stage\IStageMediator.h">
      <Filter>ヘッダー ファイル</Filter>
    </ClInclude>
    <ClInclude Include="Root\Stage\ScriptStageDataBuilder.h">
      <Filter>ヘッダー ファイル</Filter>
    </ClInclude>
    <ClInclude Include="Root\Stage\Stage.h">
      <Filter>ヘッダー ファイル</Filter>
    </ClInclude>
    <ClInclude Include="Root\Stage\StageData.h">
      <Filter>ヘッダー ファイル</Filter>
    </ClInclude>
    <ClInclude Include="Root\Stage\StageFactory.h">
      <Filter>ヘッダー ファイル</Filter>
    </ClInclude>
    <ClInclude Include="Root\Stage\StageManager.h">
      <Filter>ヘッダー ファイル</Filter>
    </ClInclude>
    <ClInclude Include="Root\Utility\StoryManager\StoryManager.h">
      <Filter>ヘッダー ファイル</Filter>
    </ClInclude>
    <ClInclude Include="Root\Utility\Debug.h">
      <Filter>ヘッダー ファイル</Filter>
    </ClInclude>
    <ClInclude Include="Root\Utility\Def.h">
      <Filter>ヘッダー ファイル</Filter>
    </ClInclude>
    <ClInclude Include="Root\Utility\FreeCamera.h">
      <Filter>ヘッダー ファイル</Filter>
    </ClInclude>
    <ClInclude Include="Root\Utility\HandleList.h">
      <Filter>ヘッダー ファイル</Filter>
    </ClInclude>
    <ClInclude Include="Root\Utility\Input.h">
      <Filter>ヘッダー ファイル</Filter>
    </ClInclude>
    <ClInclude Include="Root\Utility\Loader.h">
      <Filter>ヘッダー ファイル</Filter>
    </ClInclude>
    <ClInclude Include="Root\Utility\Math.h">
      <Filter>ヘッダー ファイル</Filter>
    </ClInclude>
    <ClInclude Include="Root\Utility\Matrix.h">
      <Filter>ヘッダー ファイル</Filter>
    </ClInclude>
    <ClInclude Include="Root\Utility\Memento.h">
      <Filter>ヘッダー ファイル</Filter>
    </ClInclude>
    <ClInclude Include="Root\Utility\MemoryCast.h">
      <Filter>ヘッダー ファイル</Filter>
    </ClInclude>
    <ClInclude Include="Root\Utility\Mouse.h">
      <Filter>ヘッダー ファイル</Filter>
    </ClInclude>
    <ClInclude Include="Root\Utility\NowLoading.h">
      <Filter>ヘッダー ファイル</Filter>
    </ClInclude>
    <ClInclude Include="Root\Utility\Optional.h">
      <Filter>ヘッダー ファイル</Filter>
    </ClInclude>
    <ClInclude Include="Root\Utility\Point2.h">
      <Filter>ヘッダー ファイル</Filter>
    </ClInclude>
    <ClInclude Include="Root\Utility\Point3.h">
      <Filter>ヘッダー ファイル</Filter>
    </ClInclude>
    <ClInclude Include="Root\Utility\Point4.h">
      <Filter>ヘッダー ファイル</Filter>
    </ClInclude>
    <ClInclude Include="Root\Utility\Pose.h">
      <Filter>ヘッダー ファイル</Filter>
    </ClInclude>
    <ClInclude Include="Root\Utility\Renderer.h">
      <Filter>ヘッダー ファイル</Filter>
    </ClInclude>
    <ClInclude Include="Root\Utility\SE.h">
      <Filter>ヘッダー ファイル</Filter>
    </ClInclude>
    <ClInclude Include="Root\Utility\SingletonFinalizer.h">
      <Filter>ヘッダー ファイル</Filter>
    </ClInclude>
    <ClInclude Include="Root\Utility\String.h">
      <Filter>ヘッダー ファイル</Filter>
    </ClInclude>
    <ClInclude Include="Root\Utility\Vector2.h">
      <Filter>ヘッダー ファイル</Filter>
    </ClInclude>
    <ClInclude Include="Root\Utility\Vector3.h">
      <Filter>ヘッダー ファイル</Filter>
    </ClInclude>
    <ClInclude Include="Root\Utility\Vector4.h">
      <Filter>ヘッダー ファイル</Filter>
    </ClInclude>
    <ClInclude Include="Root\Utility\ValueType.h">
      <Filter>ヘッダー ファイル</Filter>
    </ClInclude>
    <ClInclude Include="Root\IWorld.h">
      <Filter>ヘッダー ファイル</Filter>
    </ClInclude>
    <ClInclude Include="Root\World.h">
      <Filter>ヘッダー ファイル</Filter>
    </ClInclude>
    <ClInclude Include="Root\Manager\MessageManager.h">
      <Filter>ヘッダー ファイル</Filter>
    </ClInclude>
    <ClInclude Include="Root\Scene\GameMain.h">
      <Filter>ヘッダー ファイル</Filter>
    </ClInclude>
    <ClInclude Include="Root\Scene\ISceneMediator.h">
      <Filter>ヘッダー ファイル</Filter>
    </ClInclude>
    <ClInclude Include="Root\Scene\Message.h">
      <Filter>ヘッダー ファイル</Filter>
    </ClInclude>
    <ClInclude Include="Root\Scene\SceneManager.h">
      <Filter>ヘッダー ファイル</Filter>
    </ClInclude>
    <ClInclude Include="Root\Message\MessageData.h">
      <Filter>ヘッダー ファイル</Filter>
    </ClInclude>
    <ClInclude Include="Root\Message\MessageOperation.h">
      <Filter>ヘッダー ファイル</Filter>
    </ClInclude>
    <ClInclude Include="Root\Message\MessageScriptLoader.h">
      <Filter>ヘッダー ファイル</Filter>
    </ClInclude>
    <ClInclude Include="Root\Utility\BGM.h">
      <Filter>ヘッダー ファイル</Filter>
    </ClInclude>
    <ClInclude Include="Root\Experimental\ObjectViewer.h">
      <Filter>ヘッダー ファイル</Filter>
    </ClInclude>
    <ClInclude Include="Root\Scene\Opening.h">
      <Filter>ヘッダー ファイル</Filter>
    </ClInclude>
    <ClInclude Include="Root\Scene\Scene.h">
      <Filter>ヘッダー ファイル</Filter>
    </ClInclude>
    <ClInclude Include="Root\Scene\Title.h">
      <Filter>ヘッダー ファイル</Filter>
    </ClInclude>
    <ClInclude Include="Root\Actor\AnimateActor.h">
      <Filter>ヘッダー ファイル</Filter>
    </ClInclude>
    <ClInclude Include="Root\Actor\Gimmick\GimmickManager.h">
      <Filter>ヘッダー ファイル</Filter>
    </ClInclude>
    <ClInclude Include="Root\Actor\Gimmick\TouchGimmick.h">
      <Filter>ヘッダー ファイル</Filter>
    </ClInclude>
    <ClInclude Include="Root\Actor\Gimmick\Gimmick.h">
      <Filter>ヘッダー ファイル</Filter>
    </ClInclude>
    <ClInclude Include="Root\Actor\Gimmick\CommandGimmick.h">
      <Filter>ヘッダー ファイル</Filter>
    </ClInclude>
    <ClInclude Include="Root\Experimental\AnimationTransitionMachine.h">
      <Filter>ヘッダー ファイル</Filter>
    </ClInclude>
    <ClInclude Include="Root\Experimental\AnimateState.h">
      <Filter>ヘッダー ファイル</Filter>
    </ClInclude>
    <ClInclude Include="Root\Experimental\ExperimentalBookmark.h">
      <Filter>ヘッダー ファイル</Filter>
    </ClInclude>
    <ClInclude Include="Root\Experimental\Bookmark.h">
      <Filter>ヘッダー ファイル</Filter>
    </ClInclude>
    <ClInclude Include="Root\Actor\Instant.h">
      <Filter>ヘッダー ファイル</Filter>
    </ClInclude>
    <ClInclude Include="Root\Collision\Capsule.h">
      <Filter>ヘッダー ファイル</Filter>
    </ClInclude>
    <ClInclude Include="Root\Collision\Collision.h">
      <Filter>ヘッダー ファイル</Filter>
    </ClInclude>
    <ClInclude Include="Root\Collision\IShape.h">
      <Filter>ヘッダー ファイル</Filter>
    </ClInclude>
    <ClInclude Include="Root\Collision\Line.h">
      <Filter>ヘッダー ファイル</Filter>
    </ClInclude>
    <ClInclude Include="Root\Collision\ModelCollider.h">
      <Filter>ヘッダー ファイル</Filter>
    </ClInclude>
    <ClInclude Include="Root\Collision\Sphere.h">
      <Filter>ヘッダー ファイル</Filter>
    </ClInclude>
    <ClInclude Include="Root\Collision\Triangle.h">
      <Filter>ヘッダー ファイル</Filter>
    </ClInclude>
    <ClInclude Include="Root\Experimental\AllResourceLoad.h">
      <Filter>ヘッダー ファイル</Filter>
    </ClInclude>
    <ClInclude Include="Root\Actor\Boat.h">
      <Filter>ヘッダー ファイル</Filter>
    </ClInclude>
    <ClInclude Include="Root\Experimental\ActionBookmark.h">
      <Filter>ヘッダー ファイル</Filter>
    </ClInclude>
    <ClInclude Include="Root\Collision\Empty.h">
      <Filter>ヘッダー ファイル</Filter>
    </ClInclude>
    <ClInclude Include="Root\Scene\BackLog.h">
      <Filter>ヘッダー ファイル</Filter>
    </ClInclude>
    <ClInclude Include="Root\Manager\BackLogManager.h">
      <Filter>ヘッダー ファイル</Filter>
    </ClInclude>
    <ClInclude Include="Root\Scene\BlackOut.h">
      <Filter>ヘッダー ファイル</Filter>
    </ClInclude>
    <ClInclude Include="Root\Actor\Adele.h">
      <Filter>ヘッダー ファイル</Filter>
    </ClInclude>
    <ClInclude Include="Root\Actor\Particle\LightParticle.h">
      <Filter>ヘッダー ファイル</Filter>
    </ClInclude>
    <ClInclude Include="Root\Actor\Particle\LightParticleGenerator.h">
      <Filter>ヘッダー ファイル</Filter>
    </ClInclude>
    <ClInclude Include="Root\Utility\RandomDevice.hpp">
      <Filter>ヘッダー ファイル</Filter>
    </ClInclude>
    <ClInclude Include="Root\Actor\Accessory.h">
      <Filter>ヘッダー ファイル</Filter>
    </ClInclude>
    <ClInclude Include="Root\Scene\TitleChoose.h">
      <Filter>ヘッダー ファイル</Filter>
    </ClInclude>
    <ClInclude Include="Root\Utility\Easing.h">
      <Filter>ヘッダー ファイル</Filter>
    </ClInclude>
    <ClInclude Include="Root\Utility\Quaternion.h">
      <Filter>ヘッダー ファイル</Filter>
    </ClInclude>
    <ClInclude Include="Root\Actor\Adele.h">
      <Filter>ヘッダー ファイル</Filter>
    </ClInclude>
    <ClInclude Include="Root\Actor\ToNight.h">
      <Filter>ヘッダー ファイル</Filter>
    </ClInclude>
    <ClInclude Include="Root\Scene\SceneManager.h">
      <Filter>ヘッダー ファイル</Filter>
    </ClInclude>
    <ClInclude Include="Root\Scene\StaffRoll.h">
      <Filter>ヘッダー ファイル</Filter>
    </ClInclude>
    <ClInclude Include="Root\Scene\Title.h">
      <Filter>ヘッダー ファイル</Filter>
    </ClInclude>
    <ClInclude Include="Root\Scene\TitleChoose.h">
      <Filter>ヘッダー ファイル</Filter>
    </ClInclude>
    <ClInclude Include="Root\Actor\Adele.h">
      <Filter>ヘッダー ファイル</Filter>
    </ClInclude>
  </ItemGroup>
  <ItemGroup>
    <None Include="Resources\Font\meiryo.ttc" />
    <None Include="Resources\Font\meiryob.ttc" />
    <None Include="Root\Scene\FadeIn.inl">
      <Filter>ヘッダー ファイル</Filter>
    </None>
    <None Include="Root\Scene\FadeOut.inl">
      <Filter>ヘッダー ファイル</Filter>
    </None>
    <None Include="Resources\Stage\ハイレス\ハイレス地面\ハイレス（テクスチャあり）.mqo" />
    <None Include="Resources\Stage\森\森地面\森地面.pmx" />
    <None Include="Resources\Stage\森\森地面\森地面000.vmd" />
    <None Include="Resources\Stage\森\森地面\森地面001.vmd" />
    <None Include="Resources\Stage\森\森背景\森背景.pmx" />
    <None Include="Resources\Stage\森\森背景\森背景000.vmd" />
    <None Include="Resources\Stage\森\森背景\森背景001.vmd" />
    <None Include="Resources\Stage\森\森背景\森背景ページ開き.vmd" />
    <None Include="Resources\Shader\_Render_pixel.pso" />
    <None Include="Resources\Shader\Depthrecord_normal.vso" />
    <None Include="Resources\Shader\Depthrecord_pixel.pso" />
    <None Include="Resources\Shader\Depthrecord_skin.vso" />
    <None Include="Resources\Shader\Render_normal.vso" />
    <None Include="Resources\Shader\Render_pixel.pso" />
    <None Include="Resources\Shader\Render_skin.vso" />
    <None Include="Resources\Model\MMD魔導姉弟Ver1.1\ガブリエラ.pmx" />
    <None Include="Resources\Model\MMD魔導姉弟Ver1.1\ガブリエラ000L.vmd" />
    <None Include="Resources\Model\MMD魔導姉弟Ver1.1\ガブリエラ001L.vmd" />
    <None Include="Resources\Model\MMD魔導姉弟Ver1.1\ミハイル.pmx" />
    <None Include="Resources\Model\MMD魔導姉弟Ver1.1\ミハイル000L.vmd" />
    <None Include="Resources\Model\MMD魔導姉弟Ver1.1\ミハイル001L.vmd" />
    <None Include="Resources\Model\本2\book.pmx" />
    <None Include="Resources\Model\本2\book000.vmd" />
    <None Include="Resources\Model\本2\book001.vmd" />
    <None Include="Resources\Model\本2\book002.vmd" />
    <None Include="Resources\Model\本\新本.pmx" />
    <None Include="Resources\Model\本\新本000.vmd" />
    <None Include="Resources\Model\本\新本001.vmd" />
    <None Include="Resources\Model\本\本完成(仮).pmx" />
    <None Include="Resources\Stage\平原B\地面\平原B地面開き.vmd" />
    <None Include="Resources\Stage\平原B\地面\平原B地面閉じ.vmd" />
    <None Include="Resources\Stage\平原B\背景\背景雲動き.vmd" />
    <None Include="Resources\Stage\平原B\背景\背景開き.vmd" />
    <None Include="Resources\Stage\平原B\背景\背景閉じ太陽あり.vmd" />
    <None Include="Resources\Stage\平原B\背景\背景閉じ太陽なし.vmd" />
    <None Include="Resources\Stage\平原B\平原B　地面.pmx" />
    <None Include="Resources\Stage\平原B\平原B　背景　.pmx" />
    <None Include="Resources\Stage\森B\森B.pmx" />
    <None Include="Resources\Stage\森B\森B背景.pmx" />
    <None Include="Resources\Stage\森B\鳥.pmx" />
    <None Include="Resources\Stage\森B\鳥\鳥_羽のみ.vmd" />
    <None Include="Resources\Stage\森B\鳥\鳥_上昇.vmd" />
    <None Include="Resources\Stage\森B\鳥\鳥_森B開き時.vmd" />
    <None Include="Resources\Stage\森B\鳥\鳥_旋回A.vmd" />
    <None Include="Resources\Stage\森B\鳥\鳥_旋回B.vmd" />
    <None Include="Resources\Stage\森B\地面\森B地面開き.vmd" />
    <None Include="Resources\Stage\森B\地面\森B地面閉じ_木の実落下なし.vmd" />
    <None Include="Resources\Stage\森B\地面\森B地面閉じ_木の実落下後.vmd" />
    <None Include="Resources\Stage\森B\森B背景\ページ開き背景.vmd" />
    <None Include="Resources\Stage\森B\森B背景\ページ閉じ背景.vmd" />
    <None Include="Resources\Stage\森B\木の実\森B木の実落下.vmd" />
    <None Include="Resources\Stage\ローレス\ローレス.pmx" />
    <None Include="Resources\Stage\ローレス\ローレス背景.pmx" />
    <None Include="Resources\Stage\沼\沼.pmx" />
    <None Include="Resources\Stage\沼\沼背景.pmx" />
    <None Include="Resources\Stage\沼\船.pmx" />
    <None Include="Resources\Stage\沼\船移動.emm" />
    <None Include="Resources\Stage\沼\船移動.pmm" />
    <None Include="Resources\Stage\沼\地面\沼地面開き.vmd" />
    <None Include="Resources\Stage\沼\地面\沼地面閉じ.vmd" />
    <None Include="Resources\Stage\沼\地面\船移動時地面.vmd" />
    <None Include="Resources\Stage\沼\船\船移動.vmd" />
    <None Include="Resources\Stage\沼\魚\木の実_魚.vmd" />
    <None Include="Resources\Stage\ローレス\背景\背景ページ開き.vmd" />
    <None Include="Resources\Stage\ローレス\背景\背景ページ閉じ.vmd" />
    <None Include="Resources\Stage\ローレス\地面\ローレス開き地面.vmd" />
    <None Include="Resources\Stage\ローレス\地面\ローレス閉じ地面.vmd" />
    <None Include="Resources\Stage\ローレス\テント\ローレステント.vmd" />
    <None Include="Resources\Stage\ハイレス\背景\ハイレス背景ページ開き1127.vmd" />
    <None Include="Resources\Stage\ハイレス\背景\ハイレス背景ページ閉じ1127.vmd" />
    <None Include="Resources\Stage\ハイレス\ベル\ベル.vmd" />
    <None Include="Resources\Stage\ハイレス\Textures\ハイレス（テクスチャあり）.mqo" />
    <None Include="Resources\Stage\ローレス\ローレス地面\ローレス地面.pmx" />
    <None Include="Resources\Stage\ローレス\ローレス地面\ローレス地面000.vmd" />
    <None Include="Resources\Stage\ローレス\ローレス地面\ローレス地面001.vmd" />
    <None Include="Resources\Stage\ローレス\ローレス背景\ローレス背景.pmx" />
    <None Include="Resources\Stage\ローレス\ローレス背景\ローレス背景000.vmd" />
    <None Include="Resources\Stage\ローレス\ローレス背景\ローレス背景001.vmd" />
    <None Include="Resources\Stage\ローレス\ローレス地面\ローレス地面002.vmd" />
    <None Include="Resources\Stage_\House\家地面\HouseGround.pmx" />
    <None Include="Resources\Stage_\House\家地面\HouseGround000.vmd" />
    <None Include="Resources\Stage_\ハイレス\ハイレス地面\ハイレス地面.pmx" />
    <None Include="Resources\Stage_\ハイレス\ハイレス地面\ハイレス地面000.vmd" />
    <None Include="Resources\Stage_\ハイレス\ハイレス地面\ハイレス地面001.vmd" />
    <None Include="Resources\Stage_\ハイレス\ハイレス背景\ハイレス背景.pmx" />
    <None Include="Resources\Stage_\ハイレス\ハイレス背景\ハイレス背景000.vmd" />
    <None Include="Resources\Stage_\ハイレス\ハイレス背景\ハイレス背景001.vmd" />
    <None Include="Resources\Stage_\平原\橋\ページ開き橋.vmd" />
    <None Include="Resources\Stage_\平原\橋\ページ閉じ橋.vmd" />
    <None Include="Resources\Stage_\平原\橋\橋.pmx" />
    <None Include="Resources\Stage_\平原\平原地面\平原地面.pmx" />
    <None Include="Resources\Stage_\平原\平原地面\平原地面000.vmd" />
    <None Include="Resources\Stage_\平原\平原地面\平原地面001.vmd" />
    <None Include="Resources\Stage_\平原\平原背景\平原背景.pmx" />
    <None Include="Resources\Stage_\平原\平原背景\平原背景000.vmd" />
    <None Include="Resources\Stage_\平原\平原背景\平原背景001.vmd" />
    <None Include="Resources\Stage_\本\新本.pmx" />
    <None Include="Resources\Stage_\本\表紙開き59フレーム.vmd" />
    <None Include="Resources\Stage_\本\本ページ開き59フレーム.vmd" />
    <None Include="Resources\Script_\Message\index.csv" />
    <None Include="Resources\Script_\Stage\index.csv" />
    <None Include="Resources\Script\Stage\index.csv" />
    <None Include="Resources\Script\Message\index.csv" />
  </ItemGroup>
  <ItemGroup>
    <Font Include="Resources\Font\えるまー.ttf" />
  </ItemGroup>
  <ItemGroup>
    <Image Include="Resources\Texture\bad.png">
      <Filter>リソース ファイル</Filter>
    </Image>
    <Image Include="Resources\Texture\curtain.png">
      <Filter>リソース ファイル</Filter>
    </Image>
    <Image Include="Resources\Texture\StaffRoll.png">
      <Filter>リソース ファイル</Filter>
    </Image>
    <Image Include="Resources\Texture\end\bad.png">
      <Filter>リソース ファイル</Filter>
    </Image>
    <Image Include="Resources\Texture\end\clear.png">
      <Filter>リソース ファイル</Filter>
    </Image>
    <Image Include="Resources\Texture\end\true.png">
      <Filter>リソース ファイル</Filter>
    </Image>
    <Image Include="Resources\Texture\NowLoading\loading_1.png">
      <Filter>リソース ファイル</Filter>
    </Image>
    <Image Include="Resources\Texture\NowLoading\loading_2.png">
      <Filter>リソース ファイル</Filter>
    </Image>
    <Image Include="Resources\Texture\NowLoading\loading_3.png">
      <Filter>リソース ファイル</Filter>
    </Image>
    <Image Include="Resources\Texture\NowLoading\loading_back.png">
      <Filter>リソース ファイル</Filter>
    </Image>
    <Image Include="Resources\Stage\ハイレス\ハイレス地面\c1.png">
      <Filter>リソース ファイル</Filter>
    </Image>
    <Image Include="Resources\Stage\ハイレス\ハイレス地面\c2.png">
      <Filter>リソース ファイル</Filter>
    </Image>
    <Image Include="Resources\Stage\ハイレス\ハイレス地面\c3.png">
      <Filter>リソース ファイル</Filter>
    </Image>
    <Image Include="Resources\Stage\ハイレス\ハイレス地面\c4.png">
      <Filter>リソース ファイル</Filter>
    </Image>
    <Image Include="Resources\Stage\ハイレス\ハイレス地面\c5.png">
      <Filter>リソース ファイル</Filter>
    </Image>
    <Image Include="Resources\Stage\ハイレス\ハイレス地面\c6.png">
      <Filter>リソース ファイル</Filter>
    </Image>
    <Image Include="Resources\Stage\ハイレス\ハイレス地面\c7.png">
      <Filter>リソース ファイル</Filter>
    </Image>
    <Image Include="Resources\Stage\ハイレス\ハイレス地面\c8.png">
      <Filter>リソース ファイル</Filter>
    </Image>
    <Image Include="Resources\Stage\ハイレス\ハイレス地面\flower.png">
      <Filter>リソース ファイル</Filter>
    </Image>
    <Image Include="Resources\Stage\ハイレス\ハイレス地面\h11.png">
      <Filter>リソース ファイル</Filter>
    </Image>
    <Image Include="Resources\Stage\ハイレス\ハイレス地面\h12.png">
      <Filter>リソース ファイル</Filter>
    </Image>
    <Image Include="Resources\Stage\ハイレス\ハイレス地面\h13.png">
      <Filter>リソース ファイル</Filter>
    </Image>
    <Image Include="Resources\Stage\ハイレス\ハイレス地面\h14.png">
      <Filter>リソース ファイル</Filter>
    </Image>
    <Image Include="Resources\Stage\ハイレス\ハイレス地面\h15.png">
      <Filter>リソース ファイル</Filter>
    </Image>
    <Image Include="Resources\Stage\ハイレス\ハイレス地面\h16.png">
      <Filter>リソース ファイル</Filter>
    </Image>
    <Image Include="Resources\Stage\ハイレス\ハイレス地面\h17.png">
      <Filter>リソース ファイル</Filter>
    </Image>
    <Image Include="Resources\Stage\ハイレス\ハイレス地面\h18.png">
      <Filter>リソース ファイル</Filter>
    </Image>
    <Image Include="Resources\Stage\ハイレス\ハイレス地面\kabe.png">
      <Filter>リソース ファイル</Filter>
    </Image>
    <Image Include="Resources\Stage\ハイレス\ハイレス地面\yane.png">
      <Filter>リソース ファイル</Filter>
    </Image>
    <Image Include="Resources\Stage\ハイレス\ハイレス地面\yuka.png">
      <Filter>リソース ファイル</Filter>
    </Image>
    <Image Include="Resources\Stage\ハイレス\ハイレス地面\yuka2.png">
      <Filter>リソース ファイル</Filter>
    </Image>
    <Image Include="Resources\Stage\ハイレス\ハイレス地面\てんと.png">
      <Filter>リソース ファイル</Filter>
    </Image>
    <Image Include="Resources\Stage\ハイレス\ハイレス地面\テント1.png">
      <Filter>リソース ファイル</Filter>
    </Image>
    <Image Include="Resources\Stage\ハイレス\ハイレス地面\テント2.png">
      <Filter>リソース ファイル</Filter>
    </Image>
    <Image Include="Resources\Stage\ハイレス\ハイレス地面\てんと２.png">
      <Filter>リソース ファイル</Filter>
    </Image>
    <Image Include="Resources\Stage\ハイレス\ハイレス地面\ドア.png">
      <Filter>リソース ファイル</Filter>
    </Image>
    <Image Include="Resources\Stage\ハイレス\ハイレス地面\ドアノブ.png">
      <Filter>リソース ファイル</Filter>
    </Image>
    <Image Include="Resources\Stage\ハイレス\ハイレス地面\ベル.png">
      <Filter>リソース ファイル</Filter>
    </Image>
    <Image Include="Resources\Stage\ハイレス\ハイレス地面\ポール.png">
      <Filter>リソース ファイル</Filter>
    </Image>
    <Image Include="Resources\Stage\ハイレス\ハイレス地面\ヤブレ1.png">
      <Filter>リソース ファイル</Filter>
    </Image>
    <Image Include="Resources\Stage\ハイレス\ハイレス地面\ヤブレ2.png">
      <Filter>リソース ファイル</Filter>
    </Image>
    <Image Include="Resources\Stage\ハイレス\ハイレス地面\机.png">
      <Filter>リソース ファイル</Filter>
    </Image>
    <Image Include="Resources\Stage\ハイレス\ハイレス地面\地面.png">
      <Filter>リソース ファイル</Filter>
    </Image>
    <Image Include="Resources\Stage\ハイレス\ハイレス地面\木目2.png">
      <Filter>リソース ファイル</Filter>
    </Image>
    <Image Include="Resources\Stage\ハイレス\ハイレス地面\薬.png">
      <Filter>リソース ファイル</Filter>
    </Image>
    <Image Include="Resources\Stage\ハイレス\ハイレス地面\薬1.png">
      <Filter>リソース ファイル</Filter>
    </Image>
    <Image Include="Resources\Stage\ハイレス\ハイレス地面\薬2.png">
      <Filter>リソース ファイル</Filter>
    </Image>
    <Image Include="Resources\Stage\ハイレス\ハイレス地面\薬テント.png">
      <Filter>リソース ファイル</Filter>
    </Image>
    <Image Include="Resources\Stage\森\森地面\wood_texture 2.png">
      <Filter>リソース ファイル</Filter>
    </Image>
    <Image Include="Resources\Stage\森\森地面\wood_texture.png">
      <Filter>リソース ファイル</Filter>
    </Image>
    <Image Include="Resources\Stage\森\森地面\wood_texture3.png">
      <Filter>リソース ファイル</Filter>
    </Image>
    <Image Include="Resources\Stage\森\森地面\いわ.png">
      <Filter>リソース ファイル</Filter>
    </Image>
    <Image Include="Resources\Stage\森\森地面\しげしげ.png">
      <Filter>リソース ファイル</Filter>
    </Image>
    <Image Include="Resources\Stage\森\森地面\しげのぶ.png">
      <Filter>リソース ファイル</Filter>
    </Image>
    <Image Include="Resources\Stage\森\森地面\ね.png">
      <Filter>リソース ファイル</Filter>
    </Image>
    <Image Include="Resources\Stage\森\森地面\はは.png">
      <Filter>リソース ファイル</Filter>
    </Image>
    <Image Include="Resources\Stage\森\森地面\森1-1右.png">
      <Filter>リソース ファイル</Filter>
    </Image>
    <Image Include="Resources\Stage\森\森地面\森1左.png">
      <Filter>リソース ファイル</Filter>
    </Image>
    <Image Include="Resources\Stage\森\森地面\森小 (1).png">
      <Filter>リソース ファイル</Filter>
    </Image>
    <Image Include="Resources\Stage\森\森地面\森小 (2).png">
      <Filter>リソース ファイル</Filter>
    </Image>
    <Image Include="Resources\Stage\森\森地面\森明.png">
      <Filter>リソース ファイル</Filter>
    </Image>
    <Image Include="Resources\Stage\森\森地面\盆栽.png">
      <Filter>リソース ファイル</Filter>
    </Image>
    <Image Include="Resources\Stage\森\森地面\茂み.png">
      <Filter>リソース ファイル</Filter>
    </Image>
    <Image Include="Resources\Stage\森\森背景\森背景.png">
      <Filter>リソース ファイル</Filter>
    </Image>
    <Image Include="Resources\Model\MMD魔導姉弟Ver1.1\bousi.tga" />
    <Image Include="Resources\Model\MMD魔導姉弟Ver1.1\bousidansi.tga" />
    <Image Include="Resources\Model\MMD魔導姉弟Ver1.1\hada.tga" />
    <Image Include="Resources\Model\MMD魔導姉弟Ver1.1\hadadansi.tga" />
    <Image Include="Resources\Model\MMD魔導姉弟Ver1.1\huku.tga" />
    <Image Include="Resources\Model\MMD魔導姉弟Ver1.1\hukudansi.tga" />
    <Image Include="Resources\Model\MMD魔導姉弟Ver1.1\hukusiro.tga" />
    <Image Include="Resources\Model\MMD魔導姉弟Ver1.1\kami.tga" />
    <Image Include="Resources\Model\MMD魔導姉弟Ver1.1\me.bmp">
      <Filter>リソース ファイル</Filter>
    </Image>
    <Image Include="Resources\Model\MMD魔導姉弟Ver1.1\s_hada.bmp">
      <Filter>リソース ファイル</Filter>
    </Image>
    <Image Include="Resources\Model\MMD魔導姉弟Ver1.1\s_huku.bmp">
      <Filter>リソース ファイル</Filter>
    </Image>
    <Image Include="Resources\Model\MMD魔導姉弟Ver1.1\s_kami.bmp">
      <Filter>リソース ファイル</Filter>
    </Image>
    <Image Include="Resources\Model\MMD魔導姉弟Ver1.1\t_blue.bmp">
      <Filter>リソース ファイル</Filter>
    </Image>
    <Image Include="Resources\Model\MMD魔導姉弟Ver1.1\データ外観.png">
      <Filter>リソース ファイル</Filter>
    </Image>
    <Image Include="Resources\Model\本\本　背表紙　テクスチャ.png">
      <Filter>リソース ファイル</Filter>
    </Image>
    <Image Include="Resources\Model\本\本　表紙　仮.png">
      <Filter>リソース ファイル</Filter>
    </Image>
    <Image Include="Resources\Model\本\本　裏表紙1.png">
      <Filter>リソース ファイル</Filter>
    </Image>
    <Image Include="Resources\Stage\平原B\Textures\くさ.png">
      <Filter>リソース ファイル</Filter>
    </Image>
    <Image Include="Resources\Stage\平原B\Textures\たんぽぽ.png">
      <Filter>リソース ファイル</Filter>
    </Image>
    <Image Include="Resources\Stage\平原B\Textures\雲.png">
      <Filter>リソース ファイル</Filter>
    </Image>
    <Image Include="Resources\Stage\平原B\Textures\茎.png">
      <Filter>リソース ファイル</Filter>
    </Image>
    <Image Include="Resources\Stage\平原B\Textures\草.png">
      <Filter>リソース ファイル</Filter>
    </Image>
    <Image Include="Resources\Stage\平原B\Textures\地面.png">
      <Filter>リソース ファイル</Filter>
    </Image>
    <Image Include="Resources\Stage\平原B\Textures\地面2.png">
      <Filter>リソース ファイル</Filter>
    </Image>
    <Image Include="Resources\Stage\平原B\Textures\背景.png">
      <Filter>リソース ファイル</Filter>
    </Image>
    <Image Include="Resources\Stage\平原B\Textures\葉.png">
      <Filter>リソース ファイル</Filter>
    </Image>
    <Image Include="Resources\Stage\森B\Textures\mori2.png">
      <Filter>リソース ファイル</Filter>
    </Image>
    <Image Include="Resources\Stage\森B\Textures\mori3.png">
      <Filter>リソース ファイル</Filter>
    </Image>
    <Image Include="Resources\Stage\森B\Textures\showのコピー.png">
      <Filter>リソース ファイル</Filter>
    </Image>
    <Image Include="Resources\Stage\森B\Textures\wood_texture 2.png">
      <Filter>リソース ファイル</Filter>
    </Image>
    <Image Include="Resources\Stage\森B\Textures\wood_texture.png">
      <Filter>リソース ファイル</Filter>
    </Image>
    <Image Include="Resources\Stage\森B\Textures\wood_texture3.png">
      <Filter>リソース ファイル</Filter>
    </Image>
    <Image Include="Resources\Stage\森B\Textures\いわ.png">
      <Filter>リソース ファイル</Filter>
    </Image>
    <Image Include="Resources\Stage\森B\Textures\しげしげ.png">
      <Filter>リソース ファイル</Filter>
    </Image>
    <Image Include="Resources\Stage\森B\Textures\しげのぶ.png">
      <Filter>リソース ファイル</Filter>
    </Image>
    <Image Include="Resources\Stage\森B\Textures\すずらん花弁.png">
      <Filter>リソース ファイル</Filter>
    </Image>
    <Image Include="Resources\Stage\森B\Textures\すずらん茎.png">
      <Filter>リソース ファイル</Filter>
    </Image>
    <Image Include="Resources\Stage\森B\Textures\すずらん葉.png">
      <Filter>リソース ファイル</Filter>
    </Image>
    <Image Include="Resources\Stage\森B\Textures\すずらん葉2.png">
      <Filter>リソース ファイル</Filter>
    </Image>
    <Image Include="Resources\Stage\森B\Textures\ね.png">
      <Filter>リソース ファイル</Filter>
    </Image>
    <Image Include="Resources\Stage\森B\Textures\花.png">
      <Filter>リソース ファイル</Filter>
    </Image>
    <Image Include="Resources\Stage\森B\Textures\花弁.png">
      <Filter>リソース ファイル</Filter>
    </Image>
    <Image Include="Resources\Stage\森B\Textures\花葉.png">
      <Filter>リソース ファイル</Filter>
    </Image>
    <Image Include="Resources\Stage\森B\Textures\茎.png">
      <Filter>リソース ファイル</Filter>
    </Image>
    <Image Include="Resources\Stage\森B\Textures\坂.png">
      <Filter>リソース ファイル</Filter>
    </Image>
    <Image Include="Resources\Stage\森B\Textures\森1.png">
      <Filter>リソース ファイル</Filter>
    </Image>
    <Image Include="Resources\Stage\森B\Textures\森1-1.png">
      <Filter>リソース ファイル</Filter>
    </Image>
    <Image Include="Resources\Stage\森B\Textures\森小 (1).png">
      <Filter>リソース ファイル</Filter>
    </Image>
    <Image Include="Resources\Stage\森B\Textures\森小 (2).png">
      <Filter>リソース ファイル</Filter>
    </Image>
    <Image Include="Resources\Stage\森B\Textures\森明.png">
      <Filter>リソース ファイル</Filter>
    </Image>
    <Image Include="Resources\Stage\森B\Textures\草.png">
      <Filter>リソース ファイル</Filter>
    </Image>
    <Image Include="Resources\Stage\森B\Textures\断面.png">
      <Filter>リソース ファイル</Filter>
    </Image>
    <Image Include="Resources\Stage\森B\Textures\鳥体.png">
      <Filter>リソース ファイル</Filter>
    </Image>
    <Image Include="Resources\Stage\森B\Textures\鳥翼.png">
      <Filter>リソース ファイル</Filter>
    </Image>
    <Image Include="Resources\Stage\森B\Textures\縄.png">
      <Filter>リソース ファイル</Filter>
    </Image>
    <Image Include="Resources\Stage\森B\Textures\盆栽.png">
      <Filter>リソース ファイル</Filter>
    </Image>
    <Image Include="Resources\Stage\森B\Textures\麻.png">
      <Filter>リソース ファイル</Filter>
    </Image>
    <Image Include="Resources\Stage\森B\Textures\茂み.png">
      <Filter>リソース ファイル</Filter>
    </Image>
    <Image Include="Resources\Stage\森B\Textures\木の実.png">
      <Filter>リソース ファイル</Filter>
    </Image>
    <Image Include="Resources\Stage\森B\Textures\木の実2.png">
      <Filter>リソース ファイル</Filter>
    </Image>
    <Image Include="Resources\Stage\森B\Textures\木の実３.png">
      <Filter>リソース ファイル</Filter>
    </Image>
    <Image Include="Resources\Stage\森B\Textures\木の実4.png">
      <Filter>リソース ファイル</Filter>
    </Image>
    <Image Include="Resources\Stage\森B\Textures\木の葉.png">
      <Filter>リソース ファイル</Filter>
    </Image>
    <Image Include="Resources\Stage\森B\Textures\葉.png">
      <Filter>リソース ファイル</Filter>
    </Image>
    <Image Include="Resources\Stage\沼\Textures\ku_.png">
      <Filter>リソース ファイル</Filter>
    </Image>
    <Image Include="Resources\Stage\沼\Textures\mori.png">
      <Filter>リソース ファイル</Filter>
    </Image>
    <Image Include="Resources\Stage\沼\Textures\幹.png">
      <Filter>リソース ファイル</Filter>
    </Image>
    <Image Include="Resources\Stage\沼\Textures\岩.png">
      <Filter>リソース ファイル</Filter>
    </Image>
    <Image Include="Resources\Stage\沼\Textures\魚.png">
      <Filter>リソース ファイル</Filter>
    </Image>
    <Image Include="Resources\Stage\沼\Textures\沼.png">
      <Filter>リソース ファイル</Filter>
    </Image>
    <Image Include="Resources\Stage\沼\Textures\沼地面.png">
      <Filter>リソース ファイル</Filter>
    </Image>
    <Image Include="Resources\Stage\沼\Textures\沼背景.png">
      <Filter>リソース ファイル</Filter>
    </Image>
    <Image Include="Resources\Stage\沼\Textures\森地面.png">
      <Filter>リソース ファイル</Filter>
    </Image>
    <Image Include="Resources\Stage\沼\Textures\森地面2.png">
      <Filter>リソース ファイル</Filter>
    </Image>
    <Image Include="Resources\Stage\沼\Textures\船後.png">
      <Filter>リソース ファイル</Filter>
    </Image>
    <Image Include="Resources\Stage\沼\Textures\船前.png">
      <Filter>リソース ファイル</Filter>
    </Image>
    <Image Include="Resources\Stage\沼\Textures\船板.png">
      <Filter>リソース ファイル</Filter>
    </Image>
    <Image Include="Resources\Stage\沼\Textures\地面.png">
      <Filter>リソース ファイル</Filter>
    </Image>
    <Image Include="Resources\Stage\沼\Textures\地面沼.png">
      <Filter>リソース ファイル</Filter>
    </Image>
    <Image Include="Resources\Stage\沼\Textures\地面沼２.png">
      <Filter>リソース ファイル</Filter>
    </Image>
    <Image Include="Resources\Stage\沼\Textures\茂み.png">
      <Filter>リソース ファイル</Filter>
    </Image>
    <Image Include="Resources\Stage\沼\Textures\茂み2.png">
      <Filter>リソース ファイル</Filter>
    </Image>
    <Image Include="Resources\Stage\沼\Textures\木の実.png">
      <Filter>リソース ファイル</Filter>
    </Image>
    <Image Include="Resources\Stage\沼\Textures\木の実2.png">
      <Filter>リソース ファイル</Filter>
    </Image>
    <Image Include="Resources\Stage\沼\Textures\木の葉.png">
      <Filter>リソース ファイル</Filter>
    </Image>
    <Image Include="Resources\Stage\ローレス\Textures\c1.png">
      <Filter>リソース ファイル</Filter>
    </Image>
    <Image Include="Resources\Stage\ローレス\Textures\c2.png">
      <Filter>リソース ファイル</Filter>
    </Image>
    <Image Include="Resources\Stage\ローレス\Textures\c3.png">
      <Filter>リソース ファイル</Filter>
    </Image>
    <Image Include="Resources\Stage\ローレス\Textures\c4.png">
      <Filter>リソース ファイル</Filter>
    </Image>
    <Image Include="Resources\Stage\ローレス\Textures\c5.png">
      <Filter>リソース ファイル</Filter>
    </Image>
    <Image Include="Resources\Stage\ローレス\Textures\c6.png">
      <Filter>リソース ファイル</Filter>
    </Image>
    <Image Include="Resources\Stage\ローレス\Textures\c7.png">
      <Filter>リソース ファイル</Filter>
    </Image>
    <Image Include="Resources\Stage\ローレス\Textures\c8.png">
      <Filter>リソース ファイル</Filter>
    </Image>
    <Image Include="Resources\Stage\ローレス\Textures\cc1.png">
      <Filter>リソース ファイル</Filter>
    </Image>
    <Image Include="Resources\Stage\ローレス\Textures\cc2.png">
      <Filter>リソース ファイル</Filter>
    </Image>
    <Image Include="Resources\Stage\ローレス\Textures\cc3.png">
      <Filter>リソース ファイル</Filter>
    </Image>
    <Image Include="Resources\Stage\ローレス\Textures\cc4.png">
      <Filter>リソース ファイル</Filter>
    </Image>
    <Image Include="Resources\Stage\ローレス\Textures\cc5.png">
      <Filter>リソース ファイル</Filter>
    </Image>
    <Image Include="Resources\Stage\ローレス\Textures\cc6.png">
      <Filter>リソース ファイル</Filter>
    </Image>
    <Image Include="Resources\Stage\ローレス\Textures\cc7.png">
      <Filter>リソース ファイル</Filter>
    </Image>
    <Image Include="Resources\Stage\ローレス\Textures\cc8.png">
      <Filter>リソース ファイル</Filter>
    </Image>
    <Image Include="Resources\Stage\ローレス\Textures\flower.png">
      <Filter>リソース ファイル</Filter>
    </Image>
    <Image Include="Resources\Stage\ローレス\Textures\h11.png">
      <Filter>リソース ファイル</Filter>
    </Image>
    <Image Include="Resources\Stage\ローレス\Textures\h12.png">
      <Filter>リソース ファイル</Filter>
    </Image>
    <Image Include="Resources\Stage\ローレス\Textures\h13.png">
      <Filter>リソース ファイル</Filter>
    </Image>
    <Image Include="Resources\Stage\ローレス\Textures\h14.png">
      <Filter>リソース ファイル</Filter>
    </Image>
    <Image Include="Resources\Stage\ローレス\Textures\h15.png">
      <Filter>リソース ファイル</Filter>
    </Image>
    <Image Include="Resources\Stage\ローレス\Textures\h16.png">
      <Filter>リソース ファイル</Filter>
    </Image>
    <Image Include="Resources\Stage\ローレス\Textures\h17.png">
      <Filter>リソース ファイル</Filter>
    </Image>
    <Image Include="Resources\Stage\ローレス\Textures\h18.png">
      <Filter>リソース ファイル</Filter>
    </Image>
    <Image Include="Resources\Stage\ローレス\Textures\hh11.png">
      <Filter>リソース ファイル</Filter>
    </Image>
    <Image Include="Resources\Stage\ローレス\Textures\hh12.png">
      <Filter>リソース ファイル</Filter>
    </Image>
    <Image Include="Resources\Stage\ローレス\Textures\hh13.png">
      <Filter>リソース ファイル</Filter>
    </Image>
    <Image Include="Resources\Stage\ローレス\Textures\hh14.png">
      <Filter>リソース ファイル</Filter>
    </Image>
    <Image Include="Resources\Stage\ローレス\Textures\hh15.png">
      <Filter>リソース ファイル</Filter>
    </Image>
    <Image Include="Resources\Stage\ローレス\Textures\hh16.png">
      <Filter>リソース ファイル</Filter>
    </Image>
    <Image Include="Resources\Stage\ローレス\Textures\hh17.png">
      <Filter>リソース ファイル</Filter>
    </Image>
    <Image Include="Resources\Stage\ローレス\Textures\hh18.png">
      <Filter>リソース ファイル</Filter>
    </Image>
    <Image Include="Resources\Stage\ローレス\Textures\kabe.png">
      <Filter>リソース ファイル</Filter>
    </Image>
    <Image Include="Resources\Stage\ローレス\Textures\yane.png">
      <Filter>リソース ファイル</Filter>
    </Image>
    <Image Include="Resources\Stage\ローレス\Textures\yuka.png">
      <Filter>リソース ファイル</Filter>
    </Image>
    <Image Include="Resources\Stage\ローレス\Textures\yuka2.png">
      <Filter>リソース ファイル</Filter>
    </Image>
    <Image Include="Resources\Stage\ローレス\Textures\てんと.png">
      <Filter>リソース ファイル</Filter>
    </Image>
    <Image Include="Resources\Stage\ローレス\Textures\テント1.png">
      <Filter>リソース ファイル</Filter>
    </Image>
    <Image Include="Resources\Stage\ローレス\Textures\テント2.png">
      <Filter>リソース ファイル</Filter>
    </Image>
    <Image Include="Resources\Stage\ローレス\Textures\てんと２.png">
      <Filter>リソース ファイル</Filter>
    </Image>
    <Image Include="Resources\Stage\ローレス\Textures\ドア.png">
      <Filter>リソース ファイル</Filter>
    </Image>
    <Image Include="Resources\Stage\ローレス\Textures\ドアノブ.png">
      <Filter>リソース ファイル</Filter>
    </Image>
    <Image Include="Resources\Stage\ローレス\Textures\ベル.png">
      <Filter>リソース ファイル</Filter>
    </Image>
    <Image Include="Resources\Stage\ローレス\Textures\ポール.png">
      <Filter>リソース ファイル</Filter>
    </Image>
    <Image Include="Resources\Stage\ローレス\Textures\ヤブレ1.png">
      <Filter>リソース ファイル</Filter>
    </Image>
    <Image Include="Resources\Stage\ローレス\Textures\ヤブレ１逆.png">
      <Filter>リソース ファイル</Filter>
    </Image>
    <Image Include="Resources\Stage\ローレス\Textures\ヤブレ2.png">
      <Filter>リソース ファイル</Filter>
    </Image>
    <Image Include="Resources\Stage\ローレス\Textures\机.png">
      <Filter>リソース ファイル</Filter>
    </Image>
    <Image Include="Resources\Stage\ローレス\Textures\地面.png">
      <Filter>リソース ファイル</Filter>
    </Image>
    <Image Include="Resources\Stage\ローレス\Textures\町背景.png">
      <Filter>リソース ファイル</Filter>
    </Image>
    <Image Include="Resources\Stage\ローレス\Textures\透過.png">
      <Filter>リソース ファイル</Filter>
    </Image>
    <Image Include="Resources\Stage\ローレス\Textures\木目2.png">
      <Filter>リソース ファイル</Filter>
    </Image>
    <Image Include="Resources\Stage\ローレス\Textures\薬.png">
      <Filter>リソース ファイル</Filter>
    </Image>
    <Image Include="Resources\Stage\ローレス\Textures\薬1.png">
      <Filter>リソース ファイル</Filter>
    </Image>
    <Image Include="Resources\Stage\ローレス\Textures\薬2.png">
      <Filter>リソース ファイル</Filter>
    </Image>
    <Image Include="Resources\Stage\ローレス\Textures\薬テント.png">
      <Filter>リソース ファイル</Filter>
    </Image>
    <Image Include="Resources\Stage\ローレス\Textures\薬テント２.jpg">
      <Filter>リソース ファイル</Filter>
    </Image>
    <Image Include="Resources\Stage\ハイレス\Textures\c1.png">
      <Filter>リソース ファイル</Filter>
    </Image>
    <Image Include="Resources\Stage\ハイレス\Textures\c2.png">
      <Filter>リソース ファイル</Filter>
    </Image>
    <Image Include="Resources\Stage\ハイレス\Textures\c3.png">
      <Filter>リソース ファイル</Filter>
    </Image>
    <Image Include="Resources\Stage\ハイレス\Textures\c4.png">
      <Filter>リソース ファイル</Filter>
    </Image>
    <Image Include="Resources\Stage\ハイレス\Textures\c5.png">
      <Filter>リソース ファイル</Filter>
    </Image>
    <Image Include="Resources\Stage\ハイレス\Textures\c6.png">
      <Filter>リソース ファイル</Filter>
    </Image>
    <Image Include="Resources\Stage\ハイレス\Textures\c7.png">
      <Filter>リソース ファイル</Filter>
    </Image>
    <Image Include="Resources\Stage\ハイレス\Textures\c8.png">
      <Filter>リソース ファイル</Filter>
    </Image>
    <Image Include="Resources\Stage\ハイレス\Textures\flower.png">
      <Filter>リソース ファイル</Filter>
    </Image>
    <Image Include="Resources\Stage\ハイレス\Textures\h11.png">
      <Filter>リソース ファイル</Filter>
    </Image>
    <Image Include="Resources\Stage\ハイレス\Textures\h12.png">
      <Filter>リソース ファイル</Filter>
    </Image>
    <Image Include="Resources\Stage\ハイレス\Textures\h13.png">
      <Filter>リソース ファイル</Filter>
    </Image>
    <Image Include="Resources\Stage\ハイレス\Textures\h14.png">
      <Filter>リソース ファイル</Filter>
    </Image>
    <Image Include="Resources\Stage\ハイレス\Textures\h15.png">
      <Filter>リソース ファイル</Filter>
    </Image>
    <Image Include="Resources\Stage\ハイレス\Textures\h16.png">
      <Filter>リソース ファイル</Filter>
    </Image>
    <Image Include="Resources\Stage\ハイレス\Textures\h17.png">
      <Filter>リソース ファイル</Filter>
    </Image>
    <Image Include="Resources\Stage\ハイレス\Textures\h18.png">
      <Filter>リソース ファイル</Filter>
    </Image>
    <Image Include="Resources\Stage\ハイレス\Textures\kabe.png">
      <Filter>リソース ファイル</Filter>
    </Image>
    <Image Include="Resources\Stage\ハイレス\Textures\yane.png">
      <Filter>リソース ファイル</Filter>
    </Image>
    <Image Include="Resources\Stage\ハイレス\Textures\yuka.png">
      <Filter>リソース ファイル</Filter>
    </Image>
    <Image Include="Resources\Stage\ハイレス\Textures\yuka2.png">
      <Filter>リソース ファイル</Filter>
    </Image>
    <Image Include="Resources\Stage\ハイレス\Textures\てんと.png">
      <Filter>リソース ファイル</Filter>
    </Image>
    <Image Include="Resources\Stage\ハイレス\Textures\テント1.png">
      <Filter>リソース ファイル</Filter>
    </Image>
    <Image Include="Resources\Stage\ハイレス\Textures\テント2.png">
      <Filter>リソース ファイル</Filter>
    </Image>
    <Image Include="Resources\Stage\ハイレス\Textures\てんと２.png">
      <Filter>リソース ファイル</Filter>
    </Image>
    <Image Include="Resources\Stage\ハイレス\Textures\ドア.png">
      <Filter>リソース ファイル</Filter>
    </Image>
    <Image Include="Resources\Stage\ハイレス\Textures\ドアノブ.png">
      <Filter>リソース ファイル</Filter>
    </Image>
    <Image Include="Resources\Stage\ハイレス\Textures\ベル.png">
      <Filter>リソース ファイル</Filter>
    </Image>
    <Image Include="Resources\Stage\ハイレス\Textures\ポール.png">
      <Filter>リソース ファイル</Filter>
    </Image>
    <Image Include="Resources\Stage\ハイレス\Textures\ヤブレ1.png">
      <Filter>リソース ファイル</Filter>
    </Image>
    <Image Include="Resources\Stage\ハイレス\Textures\ヤブレ2.png">
      <Filter>リソース ファイル</Filter>
    </Image>
    <Image Include="Resources\Stage\ハイレス\Textures\机.png">
      <Filter>リソース ファイル</Filter>
    </Image>
    <Image Include="Resources\Stage\ハイレス\Textures\地面.png">
      <Filter>リソース ファイル</Filter>
    </Image>
    <Image Include="Resources\Stage\ハイレス\Textures\町背景.png">
      <Filter>リソース ファイル</Filter>
    </Image>
    <Image Include="Resources\Stage\ハイレス\Textures\木目2.png">
      <Filter>リソース ファイル</Filter>
    </Image>
    <Image Include="Resources\Stage\ハイレス\Textures\薬.png">
      <Filter>リソース ファイル</Filter>
    </Image>
    <Image Include="Resources\Stage\ハイレス\Textures\薬1.png">
      <Filter>リソース ファイル</Filter>
    </Image>
    <Image Include="Resources\Stage\ハイレス\Textures\薬2.png">
      <Filter>リソース ファイル</Filter>
    </Image>
    <Image Include="Resources\Stage\ハイレス\Textures\薬テント.png">
      <Filter>リソース ファイル</Filter>
    </Image>
    <Image Include="Resources\Texture\title.png">
      <Filter>リソース ファイル</Filter>
    </Image>
    <Image Include="Resources\Stage\ローレス\ローレス地面\Textures\c1.png">
      <Filter>リソース ファイル</Filter>
    </Image>
    <Image Include="Resources\Stage\ローレス\ローレス地面\Textures\c2.png">
      <Filter>リソース ファイル</Filter>
    </Image>
    <Image Include="Resources\Stage\ローレス\ローレス地面\Textures\c3.png">
      <Filter>リソース ファイル</Filter>
    </Image>
    <Image Include="Resources\Stage\ローレス\ローレス地面\Textures\c4.png">
      <Filter>リソース ファイル</Filter>
    </Image>
    <Image Include="Resources\Stage\ローレス\ローレス地面\Textures\c5.png">
      <Filter>リソース ファイル</Filter>
    </Image>
    <Image Include="Resources\Stage\ローレス\ローレス地面\Textures\c6.png">
      <Filter>リソース ファイル</Filter>
    </Image>
    <Image Include="Resources\Stage\ローレス\ローレス地面\Textures\c7.png">
      <Filter>リソース ファイル</Filter>
    </Image>
    <Image Include="Resources\Stage\ローレス\ローレス地面\Textures\c8.png">
      <Filter>リソース ファイル</Filter>
    </Image>
    <Image Include="Resources\Stage\ローレス\ローレス地面\Textures\cc1.png">
      <Filter>リソース ファイル</Filter>
    </Image>
    <Image Include="Resources\Stage\ローレス\ローレス地面\Textures\cc2.png">
      <Filter>リソース ファイル</Filter>
    </Image>
    <Image Include="Resources\Stage\ローレス\ローレス地面\Textures\cc3.png">
      <Filter>リソース ファイル</Filter>
    </Image>
    <Image Include="Resources\Stage\ローレス\ローレス地面\Textures\cc4.png">
      <Filter>リソース ファイル</Filter>
    </Image>
    <Image Include="Resources\Stage\ローレス\ローレス地面\Textures\cc5.png">
      <Filter>リソース ファイル</Filter>
    </Image>
    <Image Include="Resources\Stage\ローレス\ローレス地面\Textures\cc6.png">
      <Filter>リソース ファイル</Filter>
    </Image>
    <Image Include="Resources\Stage\ローレス\ローレス地面\Textures\cc7.png">
      <Filter>リソース ファイル</Filter>
    </Image>
    <Image Include="Resources\Stage\ローレス\ローレス地面\Textures\cc8.png">
      <Filter>リソース ファイル</Filter>
    </Image>
    <Image Include="Resources\Stage\ローレス\ローレス地面\Textures\flower.png">
      <Filter>リソース ファイル</Filter>
    </Image>
    <Image Include="Resources\Stage\ローレス\ローレス地面\Textures\h11.png">
      <Filter>リソース ファイル</Filter>
    </Image>
    <Image Include="Resources\Stage\ローレス\ローレス地面\Textures\h12.png">
      <Filter>リソース ファイル</Filter>
    </Image>
    <Image Include="Resources\Stage\ローレス\ローレス地面\Textures\h13.png">
      <Filter>リソース ファイル</Filter>
    </Image>
    <Image Include="Resources\Stage\ローレス\ローレス地面\Textures\h14.png">
      <Filter>リソース ファイル</Filter>
    </Image>
    <Image Include="Resources\Stage\ローレス\ローレス地面\Textures\h15.png">
      <Filter>リソース ファイル</Filter>
    </Image>
    <Image Include="Resources\Stage\ローレス\ローレス地面\Textures\h16.png">
      <Filter>リソース ファイル</Filter>
    </Image>
    <Image Include="Resources\Stage\ローレス\ローレス地面\Textures\h17.png">
      <Filter>リソース ファイル</Filter>
    </Image>
    <Image Include="Resources\Stage\ローレス\ローレス地面\Textures\h18.png">
      <Filter>リソース ファイル</Filter>
    </Image>
    <Image Include="Resources\Stage\ローレス\ローレス地面\Textures\hh11.png">
      <Filter>リソース ファイル</Filter>
    </Image>
    <Image Include="Resources\Stage\ローレス\ローレス地面\Textures\hh12.png">
      <Filter>リソース ファイル</Filter>
    </Image>
    <Image Include="Resources\Stage\ローレス\ローレス地面\Textures\hh13.png">
      <Filter>リソース ファイル</Filter>
    </Image>
    <Image Include="Resources\Stage\ローレス\ローレス地面\Textures\hh14.png">
      <Filter>リソース ファイル</Filter>
    </Image>
    <Image Include="Resources\Stage\ローレス\ローレス地面\Textures\hh15.png">
      <Filter>リソース ファイル</Filter>
    </Image>
    <Image Include="Resources\Stage\ローレス\ローレス地面\Textures\hh16.png">
      <Filter>リソース ファイル</Filter>
    </Image>
    <Image Include="Resources\Stage\ローレス\ローレス地面\Textures\hh17.png">
      <Filter>リソース ファイル</Filter>
    </Image>
    <Image Include="Resources\Stage\ローレス\ローレス地面\Textures\hh18.png">
      <Filter>リソース ファイル</Filter>
    </Image>
    <Image Include="Resources\Stage\ローレス\ローレス地面\Textures\kabe.png">
      <Filter>リソース ファイル</Filter>
    </Image>
    <Image Include="Resources\Stage\ローレス\ローレス地面\Textures\yane.png">
      <Filter>リソース ファイル</Filter>
    </Image>
    <Image Include="Resources\Stage\ローレス\ローレス地面\Textures\yuka.png">
      <Filter>リソース ファイル</Filter>
    </Image>
    <Image Include="Resources\Stage\ローレス\ローレス地面\Textures\yuka2.png">
      <Filter>リソース ファイル</Filter>
    </Image>
    <Image Include="Resources\Stage\ローレス\ローレス地面\Textures\てんと.png">
      <Filter>リソース ファイル</Filter>
    </Image>
    <Image Include="Resources\Stage\ローレス\ローレス地面\Textures\テント1.png">
      <Filter>リソース ファイル</Filter>
    </Image>
    <Image Include="Resources\Stage\ローレス\ローレス地面\Textures\テント2.png">
      <Filter>リソース ファイル</Filter>
    </Image>
    <Image Include="Resources\Stage\ローレス\ローレス地面\Textures\てんと２.png">
      <Filter>リソース ファイル</Filter>
    </Image>
    <Image Include="Resources\Stage\ローレス\ローレス地面\Textures\ドア.png">
      <Filter>リソース ファイル</Filter>
    </Image>
    <Image Include="Resources\Stage\ローレス\ローレス地面\Textures\ドアノブ.png">
      <Filter>リソース ファイル</Filter>
    </Image>
    <Image Include="Resources\Stage\ローレス\ローレス地面\Textures\ベル.png">
      <Filter>リソース ファイル</Filter>
    </Image>
    <Image Include="Resources\Stage\ローレス\ローレス地面\Textures\ポール.png">
      <Filter>リソース ファイル</Filter>
    </Image>
    <Image Include="Resources\Stage\ローレス\ローレス地面\Textures\ヤブレ1.png">
      <Filter>リソース ファイル</Filter>
    </Image>
    <Image Include="Resources\Stage\ローレス\ローレス地面\Textures\ヤブレ１逆.png">
      <Filter>リソース ファイル</Filter>
    </Image>
    <Image Include="Resources\Stage\ローレス\ローレス地面\Textures\ヤブレ2.png">
      <Filter>リソース ファイル</Filter>
    </Image>
    <Image Include="Resources\Stage\ローレス\ローレス地面\Textures\机.png">
      <Filter>リソース ファイル</Filter>
    </Image>
    <Image Include="Resources\Stage\ローレス\ローレス地面\Textures\地面.png">
      <Filter>リソース ファイル</Filter>
    </Image>
    <Image Include="Resources\Stage\ローレス\ローレス地面\Textures\町背景.png">
      <Filter>リソース ファイル</Filter>
    </Image>
    <Image Include="Resources\Stage\ローレス\ローレス地面\Textures\透過.png">
      <Filter>リソース ファイル</Filter>
    </Image>
    <Image Include="Resources\Stage\ローレス\ローレス地面\Textures\木目2.png">
      <Filter>リソース ファイル</Filter>
    </Image>
    <Image Include="Resources\Stage\ローレス\ローレス地面\Textures\薬.png">
      <Filter>リソース ファイル</Filter>
    </Image>
    <Image Include="Resources\Stage\ローレス\ローレス地面\Textures\薬1.png">
      <Filter>リソース ファイル</Filter>
    </Image>
    <Image Include="Resources\Stage\ローレス\ローレス地面\Textures\薬2.png">
      <Filter>リソース ファイル</Filter>
    </Image>
    <Image Include="Resources\Stage\ローレス\ローレス地面\Textures\薬テント.png">
      <Filter>リソース ファイル</Filter>
    </Image>
    <Image Include="Resources\Stage\ローレス\ローレス地面\Textures\薬テント２.jpg">
      <Filter>リソース ファイル</Filter>
    </Image>
    <Image Include="Resources\Stage\ローレス\ローレス背景\Textures\c1.png">
      <Filter>リソース ファイル</Filter>
    </Image>
    <Image Include="Resources\Stage\ローレス\ローレス背景\Textures\c2.png">
      <Filter>リソース ファイル</Filter>
    </Image>
    <Image Include="Resources\Stage\ローレス\ローレス背景\Textures\c3.png">
      <Filter>リソース ファイル</Filter>
    </Image>
    <Image Include="Resources\Stage\ローレス\ローレス背景\Textures\c4.png">
      <Filter>リソース ファイル</Filter>
    </Image>
    <Image Include="Resources\Stage\ローレス\ローレス背景\Textures\c5.png">
      <Filter>リソース ファイル</Filter>
    </Image>
    <Image Include="Resources\Stage\ローレス\ローレス背景\Textures\c6.png">
      <Filter>リソース ファイル</Filter>
    </Image>
    <Image Include="Resources\Stage\ローレス\ローレス背景\Textures\c7.png">
      <Filter>リソース ファイル</Filter>
    </Image>
    <Image Include="Resources\Stage\ローレス\ローレス背景\Textures\c8.png">
      <Filter>リソース ファイル</Filter>
    </Image>
    <Image Include="Resources\Stage\ローレス\ローレス背景\Textures\cc1.png">
      <Filter>リソース ファイル</Filter>
    </Image>
    <Image Include="Resources\Stage\ローレス\ローレス背景\Textures\cc2.png">
      <Filter>リソース ファイル</Filter>
    </Image>
    <Image Include="Resources\Stage\ローレス\ローレス背景\Textures\cc3.png">
      <Filter>リソース ファイル</Filter>
    </Image>
    <Image Include="Resources\Stage\ローレス\ローレス背景\Textures\cc4.png">
      <Filter>リソース ファイル</Filter>
    </Image>
    <Image Include="Resources\Stage\ローレス\ローレス背景\Textures\cc5.png">
      <Filter>リソース ファイル</Filter>
    </Image>
    <Image Include="Resources\Stage\ローレス\ローレス背景\Textures\cc6.png">
      <Filter>リソース ファイル</Filter>
    </Image>
    <Image Include="Resources\Stage\ローレス\ローレス背景\Textures\cc7.png">
      <Filter>リソース ファイル</Filter>
    </Image>
    <Image Include="Resources\Stage\ローレス\ローレス背景\Textures\cc8.png">
      <Filter>リソース ファイル</Filter>
    </Image>
    <Image Include="Resources\Stage\ローレス\ローレス背景\Textures\flower.png">
      <Filter>リソース ファイル</Filter>
    </Image>
    <Image Include="Resources\Stage\ローレス\ローレス背景\Textures\h11.png">
      <Filter>リソース ファイル</Filter>
    </Image>
    <Image Include="Resources\Stage\ローレス\ローレス背景\Textures\h12.png">
      <Filter>リソース ファイル</Filter>
    </Image>
    <Image Include="Resources\Stage\ローレス\ローレス背景\Textures\h13.png">
      <Filter>リソース ファイル</Filter>
    </Image>
    <Image Include="Resources\Stage\ローレス\ローレス背景\Textures\h14.png">
      <Filter>リソース ファイル</Filter>
    </Image>
    <Image Include="Resources\Stage\ローレス\ローレス背景\Textures\h15.png">
      <Filter>リソース ファイル</Filter>
    </Image>
    <Image Include="Resources\Stage\ローレス\ローレス背景\Textures\h16.png">
      <Filter>リソース ファイル</Filter>
    </Image>
    <Image Include="Resources\Stage\ローレス\ローレス背景\Textures\h17.png">
      <Filter>リソース ファイル</Filter>
    </Image>
    <Image Include="Resources\Stage\ローレス\ローレス背景\Textures\h18.png">
      <Filter>リソース ファイル</Filter>
    </Image>
    <Image Include="Resources\Stage\ローレス\ローレス背景\Textures\hh11.png">
      <Filter>リソース ファイル</Filter>
    </Image>
    <Image Include="Resources\Stage\ローレス\ローレス背景\Textures\hh12.png">
      <Filter>リソース ファイル</Filter>
    </Image>
    <Image Include="Resources\Stage\ローレス\ローレス背景\Textures\hh13.png">
      <Filter>リソース ファイル</Filter>
    </Image>
    <Image Include="Resources\Stage\ローレス\ローレス背景\Textures\hh14.png">
      <Filter>リソース ファイル</Filter>
    </Image>
    <Image Include="Resources\Stage\ローレス\ローレス背景\Textures\hh15.png">
      <Filter>リソース ファイル</Filter>
    </Image>
    <Image Include="Resources\Stage\ローレス\ローレス背景\Textures\hh16.png">
      <Filter>リソース ファイル</Filter>
    </Image>
    <Image Include="Resources\Stage\ローレス\ローレス背景\Textures\hh17.png">
      <Filter>リソース ファイル</Filter>
    </Image>
    <Image Include="Resources\Stage\ローレス\ローレス背景\Textures\hh18.png">
      <Filter>リソース ファイル</Filter>
    </Image>
    <Image Include="Resources\Stage\ローレス\ローレス背景\Textures\kabe.png">
      <Filter>リソース ファイル</Filter>
    </Image>
    <Image Include="Resources\Stage\ローレス\ローレス背景\Textures\yane.png">
      <Filter>リソース ファイル</Filter>
    </Image>
    <Image Include="Resources\Stage\ローレス\ローレス背景\Textures\yuka.png">
      <Filter>リソース ファイル</Filter>
    </Image>
    <Image Include="Resources\Stage\ローレス\ローレス背景\Textures\yuka2.png">
      <Filter>リソース ファイル</Filter>
    </Image>
    <Image Include="Resources\Stage\ローレス\ローレス背景\Textures\てんと.png">
      <Filter>リソース ファイル</Filter>
    </Image>
    <Image Include="Resources\Stage\ローレス\ローレス背景\Textures\テント1.png">
      <Filter>リソース ファイル</Filter>
    </Image>
    <Image Include="Resources\Stage\ローレス\ローレス背景\Textures\テント2.png">
      <Filter>リソース ファイル</Filter>
    </Image>
    <Image Include="Resources\Stage\ローレス\ローレス背景\Textures\てんと２.png">
      <Filter>リソース ファイル</Filter>
    </Image>
    <Image Include="Resources\Stage\ローレス\ローレス背景\Textures\ドア.png">
      <Filter>リソース ファイル</Filter>
    </Image>
    <Image Include="Resources\Stage\ローレス\ローレス背景\Textures\ドアノブ.png">
      <Filter>リソース ファイル</Filter>
    </Image>
    <Image Include="Resources\Stage\ローレス\ローレス背景\Textures\ベル.png">
      <Filter>リソース ファイル</Filter>
    </Image>
    <Image Include="Resources\Stage\ローレス\ローレス背景\Textures\ポール.png">
      <Filter>リソース ファイル</Filter>
    </Image>
    <Image Include="Resources\Stage\ローレス\ローレス背景\Textures\ヤブレ1.png">
      <Filter>リソース ファイル</Filter>
    </Image>
    <Image Include="Resources\Stage\ローレス\ローレス背景\Textures\ヤブレ１逆.png">
      <Filter>リソース ファイル</Filter>
    </Image>
    <Image Include="Resources\Stage\ローレス\ローレス背景\Textures\ヤブレ2.png">
      <Filter>リソース ファイル</Filter>
    </Image>
    <Image Include="Resources\Stage\ローレス\ローレス背景\Textures\机.png">
      <Filter>リソース ファイル</Filter>
    </Image>
    <Image Include="Resources\Stage\ローレス\ローレス背景\Textures\地面.png">
      <Filter>リソース ファイル</Filter>
    </Image>
    <Image Include="Resources\Stage\ローレス\ローレス背景\Textures\透過.png">
      <Filter>リソース ファイル</Filter>
    </Image>
    <Image Include="Resources\Stage\ローレス\ローレス背景\Textures\木目2.png">
      <Filter>リソース ファイル</Filter>
    </Image>
    <Image Include="Resources\Stage\ローレス\ローレス背景\Textures\薬.png">
      <Filter>リソース ファイル</Filter>
    </Image>
    <Image Include="Resources\Stage\ローレス\ローレス背景\Textures\薬1.png">
      <Filter>リソース ファイル</Filter>
    </Image>
    <Image Include="Resources\Stage\ローレス\ローレス背景\Textures\薬2.png">
      <Filter>リソース ファイル</Filter>
    </Image>
    <Image Include="Resources\Stage\ローレス\ローレス背景\Textures\薬テント.png">
      <Filter>リソース ファイル</Filter>
    </Image>
    <Image Include="Resources\Stage\ローレス\ローレス背景\Textures\薬テント２.jpg">
      <Filter>リソース ファイル</Filter>
    </Image>
    <Image Include="Resources\Stage\ローレス\ローレス背景\町背景.png">
      <Filter>リソース ファイル</Filter>
    </Image>
    <Image Include="Resources\Stage_\House\家地面\Textures\ドア.png">
      <Filter>リソース ファイル</Filter>
    </Image>
    <Image Include="Resources\Stage_\House\家地面\Textures\ドアノブ.png">
      <Filter>リソース ファイル</Filter>
    </Image>
    <Image Include="Resources\Stage_\House\家地面\Textures\屋根.png">
      <Filter>リソース ファイル</Filter>
    </Image>
    <Image Include="Resources\Stage_\House\家地面\Textures\屋根2.png">
      <Filter>リソース ファイル</Filter>
    </Image>
    <Image Include="Resources\Stage_\House\家地面\Textures\湖.png">
      <Filter>リソース ファイル</Filter>
    </Image>
    <Image Include="Resources\Stage_\House\家地面\Textures\湖水.png">
      <Filter>リソース ファイル</Filter>
    </Image>
    <Image Include="Resources\Stage_\House\家地面\Textures\湖地面.png">
      <Filter>リソース ファイル</Filter>
    </Image>
    <Image Include="Resources\Stage_\House\家地面\Textures\窓.png">
      <Filter>リソース ファイル</Filter>
    </Image>
    <Image Include="Resources\Stage_\House\家地面\Textures\窓2.png">
      <Filter>リソース ファイル</Filter>
    </Image>
    <Image Include="Resources\Stage_\House\家地面\Textures\壁.png">
      <Filter>リソース ファイル</Filter>
    </Image>
    <Image Include="Resources\Stage_\House\家背景\Textures\ドア.png">
      <Filter>リソース ファイル</Filter>
    </Image>
    <Image Include="Resources\Stage_\House\家背景\Textures\ドアノブ.png">
      <Filter>リソース ファイル</Filter>
    </Image>
    <Image Include="Resources\Stage_\House\家背景\Textures\屋根.png">
      <Filter>リソース ファイル</Filter>
    </Image>
    <Image Include="Resources\Stage_\House\家背景\Textures\屋根2.png">
      <Filter>リソース ファイル</Filter>
    </Image>
    <Image Include="Resources\Stage_\House\家背景\Textures\湖.png">
      <Filter>リソース ファイル</Filter>
    </Image>
    <Image Include="Resources\Stage_\House\家背景\Textures\湖水.png">
      <Filter>リソース ファイル</Filter>
    </Image>
    <Image Include="Resources\Stage_\House\家背景\Textures\湖地面.png">
      <Filter>リソース ファイル</Filter>
    </Image>
    <Image Include="Resources\Stage_\House\家背景\Textures\窓.png">
      <Filter>リソース ファイル</Filter>
    </Image>
    <Image Include="Resources\Stage_\House\家背景\Textures\窓2.png">
      <Filter>リソース ファイル</Filter>
    </Image>
    <Image Include="Resources\Stage_\House\家背景\Textures\壁.png">
      <Filter>リソース ファイル</Filter>
    </Image>
    <Image Include="Resources\Stage_\ハイレス\ハイレス背景\町背景.png">
      <Filter>リソース ファイル</Filter>
    </Image>
    <Image Include="Resources\Stage_\平原\橋\断面.png">
      <Filter>リソース ファイル</Filter>
    </Image>
    <Image Include="Resources\Stage_\平原\橋\木.png">
      <Filter>リソース ファイル</Filter>
    </Image>
    <Image Include="Resources\Stage_\平原\橋\木2.png">
      <Filter>リソース ファイル</Filter>
    </Image>
    <Image Include="Resources\Stage_\平原\平原地面\草.png">
      <Filter>リソース ファイル</Filter>
    </Image>
    <Image Include="Resources\Stage_\平原\平原地面\平原マン.png">
      <Filter>リソース ファイル</Filter>
    </Image>
    <Image Include="Resources\Stage_\平原\平原背景\heigen.jpg">
      <Filter>リソース ファイル</Filter>
    </Image>
    <Image Include="Resources\Stage_\本\本　背表紙　テクスチャ.png">
      <Filter>リソース ファイル</Filter>
    </Image>
    <Image Include="Resources\Stage_\本\本　表紙　仮.png">
      <Filter>リソース ファイル</Filter>
    </Image>
    <Image Include="Resources\Stage_\本\本　裏表紙1.png">
      <Filter>リソース ファイル</Filter>
    </Image>
    <Image Include="Resources\Texture\particle.png">
      <Filter>リソース ファイル</Filter>
    </Image>
  </ItemGroup>
  <ItemGroup>
    <Text Include="Resources\Model\MMD魔導姉弟Ver1.1\READ ME.txt" />
    <Text Include="Resources\Stage\森B\鳥\鳥について.txt" />
    <Text Include="Resources\Stage\森B\地面\モーションについて.txt" />
    <Text Include="Resources\Stage_\本\DangerSwamp.txt" />
    <Text Include="Resources\Script_\Animation\DangerSwamp.txt" />
    <Text Include="Resources\Script_\Animation\Default.txt" />
    <Text Include="Resources\Script_\Animation\DimForest.txt" />
    <Text Include="Resources\Script_\Animation\ForestB.txt" />
    <Text Include="Resources\Script_\Animation\ForestC.txt" />
    <Text Include="Resources\Script_\Animation\ForestD.txt" />
    <Text Include="Resources\Script_\Animation\Heiles.txt" />
    <Text Include="Resources\Script_\Animation\Lowles.txt" />
    <Text Include="Resources\Script_\Animation\PlainB.txt" />
    <Text Include="Resources\Script_\Message\End\Ending1BadEnd.txt" />
    <Text Include="Resources\Script_\Message\End\Ending2Clear.txt" />
    <Text Include="Resources\Script_\Message\End\Ending3BadEnd.txt" />
    <Text Include="Resources\Script_\Message\End\Ending4BadEnd.txt" />
    <Text Include="Resources\Script_\Message\End\Ending5TrueEnd.txt" />
    <Text Include="Resources\Script_\Message\End\Ending6BadEnd.txt" />
    <Text Include="Resources\Script_\Message\Stage\Chased.txt" />
    <Text Include="Resources\Script_\Message\Stage\ChasedNot.txt" />
    <Text Include="Resources\Script_\Message\Stage\DangerSwamp.txt" />
    <Text Include="Resources\Script_\Message\Stage\DimForest.txt" />
    <Text Include="Resources\Script_\Message\Stage\Fell.txt" />
    <Text Include="Resources\Script_\Message\Stage\FellNot.txt" />
    <Text Include="Resources\Script_\Message\Stage\ForestA.txt" />
    <Text Include="Resources\Script_\Message\Stage\ForestB.txt" />
    <Text Include="Resources\Script_\Message\Stage\ForestC.txt" />
    <Text Include="Resources\Script_\Message\Stage\ForestD.txt" />
    <Text Include="Resources\Script_\Message\Stage\HasHerb.txt" />
    <Text Include="Resources\Script_\Message\Stage\HasHerbNot.txt" />
    <Text Include="Resources\Script_\Message\Stage\Heiles.txt" />
    <Text Include="Resources\Script_\Message\Stage\HiddenSun.txt" />
    <Text Include="Resources\Script_\Message\Stage\HiddenSunNot.txt" />
    <Text Include="Resources\Script_\Message\Stage\Lowles.txt" />
    <Text Include="Resources\Script_\Message\Stage\Opening.txt" />
    <Text Include="Resources\Script_\Message\Stage\PlainA.txt" />
    <Text Include="Resources\Script_\Message\Stage\PlainB.txt" />
    <Text Include="Resources\Script_\Stage\DangerSwamp.txt" />
    <Text Include="Resources\Script_\Stage\DimForest.txt" />
    <Text Include="Resources\Script_\Stage\ForestA.txt" />
    <Text Include="Resources\Script_\Stage\ForestB.txt" />
    <Text Include="Resources\Script_\Stage\ForestC.txt" />
    <Text Include="Resources\Script_\Stage\ForestD.txt" />
    <Text Include="Resources\Script_\Stage\Heiles.txt" />
    <Text Include="Resources\Script_\Stage\HouseA.txt" />
    <Text Include="Resources\Script_\Stage\HouseB.txt" />
    <Text Include="Resources\Script_\Stage\HouseC.txt" />
    <Text Include="Resources\Script_\Stage\HouseD.txt" />
    <Text Include="Resources\Script_\Stage\HouseE.txt" />
    <Text Include="Resources\Script_\Stage\Lowles.txt" />
    <Text Include="Resources\Script_\Stage\PlainA.txt" />
    <Text Include="Resources\Script_\Stage\PlainB.txt" />
    <Text Include="Resources\Script\Stage\BlackMarket.txt" />
    <Text Include="Resources\Script\Stage\BlackMarketNight.txt" />
    <Text Include="Resources\Script\Stage\City.txt" />
    <Text Include="Resources\Script\Stage\Elder.txt" />
    <Text Include="Resources\Script\Stage\ForestA.txt" />
    <Text Include="Resources\Script\Stage\ForestB.txt" />
    <Text Include="Resources\Script\Stage\HouseA.txt" />
    <Text Include="Resources\Script\Stage\HouseB.txt" />
    <Text Include="Resources\Script\Stage\HouseC.txt" />
    <Text Include="Resources\Script\Stage\HouseD.txt" />
    <Text Include="Resources\Script\Stage\Swamp.txt" />
    <Text Include="Resources\Script\Animation\BlackMarket.txt" />
    <Text Include="Resources\Script\Animation\BlackMarketNight.txt" />
    <Text Include="Resources\Script\Animation\City.txt" />
    <Text Include="Resources\Script\Animation\Default.txt" />
    <Text Include="Resources\Script\Animation\Elder.txt" />
    <Text Include="Resources\Script\Animation\ForestA.txt" />
    <Text Include="Resources\Script\Animation\ForestB.txt" />
    <Text Include="Resources\Script\Animation\Swamp.txt" />
    <Text Include="Resources\Script\Message\BlackMarket.txt" />
    <Text Include="Resources\Script\Message\BlackMarketNight.txt" />
    <Text Include="Resources\Script\Message\City.txt" />
    <Text Include="Resources\Script\Message\Elder.txt" />
    <Text Include="Resources\Script\Message\Ending1.txt" />
    <Text Include="Resources\Script\Message\Ending2.txt" />
    <Text Include="Resources\Script\Message\Ending3.txt" />
    <Text Include="Resources\Script\Message\ForestA.txt" />
    <Text Include="Resources\Script\Message\ForestB.txt" />
    <Text Include="Resources\Script\Message\Opening.txt" />
    <Text Include="Resources\Script\Message\Swamp.txt" />
    <Text Include="Resources\Script\Animation\HouseD.txt" />
    <Text Include="Resources\Script\Animation\Book.txt" />
    <Text Include="Resources\Script\Message\医者の股間のテント.txt" />
    <Text Include="Resources\Script\Message\闇市ギミック.txt" />
    <Text Include="Resources\Script\Message\街で薬を手にいれたとき.txt" />
    <Text Include="Resources\Script\Message\レオナから薬もらった.txt" />
    <Text Include="Resources\Script\Message\HouseE.txt" />
    <Text Include="Resources\Script\Message\森で危ない薬を手に入れる.txt" />
  </ItemGroup>
  <ItemGroup>
    <Media Include="Resources\Sound\BGM\bad_end.mp3" />
    <Media Include="Resources\Sound\BGM\danger_swamp.mp3" />
    <Media Include="Resources\Sound\BGM\end2.mp3" />
    <Media Include="Resources\Sound\BGM\forest.mp3" />
    <Media Include="Resources\Sound\BGM\house.mp3" />
    <Media Include="Resources\Sound\BGM\plain.mp3" />
    <Media Include="Resources\Sound\BGM\Title.mp3" />
    <Media Include="Resources\Sound\BGM\Town.mp3" />
  </ItemGroup>
</Project>